name: iSonic Blast Man
description: |
  Amz. Sherlock is a free and simple way to search Book Covers from Amazon using ISBN.
  Features
  ☆ISBN check digit
description_ja: |
  Amz. Sherlock は Amazon (http://www.amazon.co.jp/) から本の表紙を検索するアプリです。
  検索には ISBN コードを用います。
  ISBN コードをチェックする機能があるので打ち間違えると教えてくれます。
link: http://itunes.apple.com/app/dictav/id455231110?mt=8&amp;amp;uo=4
